
Microsoft Visual Studio Solution File, Format Version 12.00
# Visual Studio Version 16
VisualStudioVersion = 16.0.30011.22
MinimumVisualStudioVersion = 10.0.40219.1
Project("{9A19103F-16F7-4668-BE54-9A1E7A4F7556}") = "Bioskop.Domen", "Bioskop.Domen\Bioskop.Domen.csproj", "{C4AADBD9-7CDF-41AB-B3DE-B8600F0503D6}"
EndProject
Project("{9A19103F-16F7-4668-BE54-9A1E7A4F7556}") = "BioskopKonzolnaApp", "BioskopKonzolnaApp\BioskopKonzolnaApp.csproj", "{7CB2838A-10FF-4288-A312-13AE8A0DFC72}"
EndProject
Project("{9A19103F-16F7-4668-BE54-9A1E7A4F7556}") = "Bioskop.Podaci", "Bioskop.Podaci\Bioskop.Podaci.csproj", "{163E1EB4-537D-4A3B-8750-85FE76747A01}"
EndProject
Project("{9A19103F-16F7-4668-BE54-9A1E7A4F7556}") = "Bioskop.WebApp", "Bioskop.WebApp\Bioskop.WebApp.csproj", "{EE7D1146-9F5F-4A1C-AA1F-40396E439A56}"
EndProject
Project("{9A19103F-16F7-4668-BE54-9A1E7A4F7556}") = "Bioskop.WebApi", "Bioskop.WebApi\Bioskop.WebApi.csproj", "{90CD8D73-D453-4D0B-B324-11481B1A4AE4}"
EndProject
Project("{9A19103F-16F7-4668-BE54-9A1E7A4F7556}") = "AsyncAwait", "AsyncAwait\AsyncAwait.csproj", "{23254B8A-33F6-4D02-BA56-5F60086603A9}"
EndProject
Project("{9A19103F-16F7-4668-BE54-9A1E7A4F7556}") = "TestProject", "TestProject\TestProject.csproj", "{C51727E8-40A5-46B4-9C85-2E731204096E}"
EndProject
Project("{9A19103F-16F7-4668-BE54-9A1E7A4F7556}") = "BusinessLogic", "BusinessLogic\BusinessLogic.csproj", "{80CD34D8-2E65-43A3-A8BB-132322B0B5A0}"
EndProject
Global
	GlobalSection(SolutionConfigurationPlatforms) = preSolution
		Debug|Any CPU = Debug|Any CPU
		Release|Any CPU = Release|Any CPU
	EndGlobalSection
	GlobalSection(ProjectConfigurationPlatforms) = postSolution
		{C4AADBD9-7CDF-41AB-B3DE-B8600F0503D6}.Debug|Any CPU.ActiveCfg = Debug|Any CPU
		{C4AADBD9-7CDF-41AB-B3DE-B8600F0503D6}.Debug|Any CPU.Build.0 = Debug|Any CPU
		{C4AADBD9-7CDF-41AB-B3DE-B8600F0503D6}.Release|Any CPU.ActiveCfg = Release|Any CPU
		{C4AADBD9-7CDF-41AB-B3DE-B8600F0503D6}.Release|Any CPU.Build.0 = Release|Any CPU
		{7CB2838A-10FF-4288-A312-13AE8A0DFC72}.Debug|Any CPU.ActiveCfg = Debug|Any CPU
		{7CB2838A-10FF-4288-A312-13AE8A0DFC72}.Debug|Any CPU.Build.0 = Debug|Any CPU
		{7CB2838A-10FF-4288-A312-13AE8A0DFC72}.Release|Any CPU.ActiveCfg = Release|Any CPU
		{7CB2838A-10FF-4288-A312-13AE8A0DFC72}.Release|Any CPU.Build.0 = Release|Any CPU
		{163E1EB4-537D-4A3B-8750-85FE76747A01}.Debug|Any CPU.ActiveCfg = Debug|Any CPU
		{163E1EB4-537D-4A3B-8750-85FE76747A01}.Debug|Any CPU.Build.0 = Debug|Any CPU
		{163E1EB4-537D-4A3B-8750-85FE76747A01}.Release|Any CPU.ActiveCfg = Release|Any CPU
		{163E1EB4-537D-4A3B-8750-85FE76747A01}.Release|Any CPU.Build.0 = Release|Any CPU
		{EE7D1146-9F5F-4A1C-AA1F-40396E439A56}.Debug|Any CPU.ActiveCfg = Debug|Any CPU
		{EE7D1146-9F5F-4A1C-AA1F-40396E439A56}.Debug|Any CPU.Build.0 = Debug|Any CPU
		{EE7D1146-9F5F-4A1C-AA1F-40396E439A56}.Release|Any CPU.ActiveCfg = Release|Any CPU
		{EE7D1146-9F5F-4A1C-AA1F-40396E439A56}.Release|Any CPU.Build.0 = Release|Any CPU
		{90CD8D73-D453-4D0B-B324-11481B1A4AE4}.Debug|Any CPU.ActiveCfg = Debug|Any CPU
		{90CD8D73-D453-4D0B-B324-11481B1A4AE4}.Debug|Any CPU.Build.0 = Debug|Any CPU
		{90CD8D73-D453-4D0B-B324-11481B1A4AE4}.Release|Any CPU.ActiveCfg = Release|Any CPU
		{90CD8D73-D453-4D0B-B324-11481B1A4AE4}.Release|Any CPU.Build.0 = Release|Any CPU
		{23254B8A-33F6-4D02-BA56-5F60086603A9}.Debug|Any CPU.ActiveCfg = Debug|Any CPU
		{23254B8A-33F6-4D02-BA56-5F60086603A9}.Debug|Any CPU.Build.0 = Debug|Any CPU
		{23254B8A-33F6-4D02-BA56-5F60086603A9}.Release|Any CPU.ActiveCfg = Release|Any CPU
		{23254B8A-33F6-4D02-BA56-5F60086603A9}.Release|Any CPU.Build.0 = Release|Any CPU
		{C51727E8-40A5-46B4-9C85-2E731204096E}.Debug|Any CPU.ActiveCfg = Debug|Any CPU
		{C51727E8-40A5-46B4-9C85-2E731204096E}.Debug|Any CPU.Build.0 = Debug|Any CPU
		{C51727E8-40A5-46B4-9C85-2E731204096E}.Release|Any CPU.ActiveCfg = Release|Any CPU
		{C51727E8-40A5-46B4-9C85-2E731204096E}.Release|Any CPU.Build.0 = Release|Any CPU
		{80CD34D8-2E65-43A3-A8BB-132322B0B5A0}.Debug|Any CPU.ActiveCfg = Debug|Any CPU
		{80CD34D8-2E65-43A3-A8BB-132322B0B5A0}.Debug|Any CPU.Build.0 = Debug|Any CPU
		{80CD34D8-2E65-43A3-A8BB-132322B0B5A0}.Release|Any CPU.ActiveCfg = Release|Any CPU
		{80CD34D8-2E65-43A3-A8BB-132322B0B5A0}.Release|Any CPU.Build.0 = Release|Any CPU
	EndGlobalSection
	GlobalSection(SolutionProperties) = preSolution
		HideSolutionNode = FALSE
	EndGlobalSection
	GlobalSection(ExtensibilityGlobals) = postSolution
		SolutionGuid = {F3128093-A6C1-450E-8BA0-D384E7D26FCF}
	EndGlobalSection
EndGlobal
